
Microsoft Visual Studio Solution File, Format Version 12.00
# Visual Studio Version 16
VisualStudioVersion = 16.0.31424.327
MinimumVisualStudioVersion = 10.0.40219.1
Project("{FAE04EC0-301F-11D3-BF4B-00C04F79EFBC}") = "Examen3PMO2.Android", "Examen3PMO2\Examen3PMO2.Android\Examen3PMO2.Android.csproj", "{D5232882-0391-4208-A3FF-0FEB1BB82CFE}"
EndProject
Project("{9A19103F-16F7-4668-BE54-9A1E7A4F7556}") = "Examen3PMO2", "Examen3PMO2\Examen3PMO2\Examen3PMO2.csproj", "{574875CF-4ED7-48EC-9494-83C41A95F147}"
EndProject
Global
	GlobalSection(SolutionConfigurationPlatforms) = preSolution
		Debug|Any CPU = Debug|Any CPU
		Release|Any CPU = Release|Any CPU
	EndGlobalSection
	GlobalSection(ProjectConfigurationPlatforms) = postSolution
		{D5232882-0391-4208-A3FF-0FEB1BB82CFE}.Debug|Any CPU.ActiveCfg = Debug|Any CPU
		{D5232882-0391-4208-A3FF-0FEB1BB82CFE}.Debug|Any CPU.Build.0 = Debug|Any CPU
		{D5232882-0391-4208-A3FF-0FEB1BB82CFE}.Debug|Any CPU.Deploy.0 = Debug|Any CPU
		{D5232882-0391-4208-A3FF-0FEB1BB82CFE}.Release|Any CPU.ActiveCfg = Release|Any CPU
		{D5232882-0391-4208-A3FF-0FEB1BB82CFE}.Release|Any CPU.Build.0 = Release|Any CPU
		{D5232882-0391-4208-A3FF-0FEB1BB82CFE}.Release|Any CPU.Deploy.0 = Release|Any CPU
		{574875CF-4ED7-48EC-9494-83C41A95F147}.Debug|Any CPU.ActiveCfg = Debug|Any CPU
		{574875CF-4ED7-48EC-9494-83C41A95F147}.Debug|Any CPU.Build.0 = Debug|Any CPU
		{574875CF-4ED7-48EC-9494-83C41A95F147}.Debug|Any CPU.Deploy.0 = Debug|Any CPU
		{574875CF-4ED7-48EC-9494-83C41A95F147}.Release|Any CPU.ActiveCfg = Release|Any CPU
		{574875CF-4ED7-48EC-9494-83C41A95F147}.Release|Any CPU.Build.0 = Release|Any CPU
		{574875CF-4ED7-48EC-9494-83C41A95F147}.Release|Any CPU.Deploy.0 = Release|Any CPU
	EndGlobalSection
	GlobalSection(SolutionProperties) = preSolution
		HideSolutionNode = FALSE
	EndGlobalSection
	GlobalSection(ExtensibilityGlobals) = postSolution
		SolutionGuid = {87CB520A-4126-4DD3-B14F-A579036CBFD7}
	EndGlobalSection
EndGlobal
